
Microsoft Visual Studio Solution File, Format Version 12.00
# Visual Studio 15
VisualStudioVersion = 15.0.28307.645
MinimumVisualStudioVersion = 10.0.40219.1
Project("{FAE04EC0-301F-11D3-BF4B-00C04F79EFBC}") = "webEval", "webEval\webEval.csproj", "{E92F6162-90D4-42AB-8CC1-BE2F1325B47A}"
EndProject
Global
	GlobalSection(SolutionConfigurationPlatforms) = preSolution
		Debug|Any CPU = Debug|Any CPU
		Release|Any CPU = Release|Any CPU
	EndGlobalSection
	GlobalSection(ProjectConfigurationPlatforms) = postSolution
		{E92F6162-90D4-42AB-8CC1-BE2F1325B47A}.Debug|Any CPU.ActiveCfg = Debug|Any CPU
		{E92F6162-90D4-42AB-8CC1-BE2F1325B47A}.Debug|Any CPU.Build.0 = Debug|Any CPU
		{E92F6162-90D4-42AB-8CC1-BE2F1325B47A}.Release|Any CPU.ActiveCfg = Release|Any CPU
		{E92F6162-90D4-42AB-8CC1-BE2F1325B47A}.Release|Any CPU.Build.0 = Release|Any CPU
	EndGlobalSection
	GlobalSection(SolutionProperties) = preSolution
		HideSolutionNode = FALSE
	EndGlobalSection
	GlobalSection(ExtensibilityGlobals) = postSolution
		SolutionGuid = {FF0D2B89-3B39-431C-88A5-72F44DE58094}
	EndGlobalSection
EndGlobal
